
Microsoft Visual Studio Solution File, Format Version 12.00
# Visual Studio Version 17
VisualStudioVersion = 17.0.31903.59
MinimumVisualStudioVersion = 10.0.40219.1
Project("{FAE04EC0-301F-11D3-BF4B-00C04F79EFBC}") = "Project.Mvc", "Project.Mvc\Project.Mvc.csproj", "{8E6A9CFC-67C2-4F8A-B932-03F5A887A495}"
EndProject
Project("{FAE04EC0-301F-11D3-BF4B-00C04F79EFBC}") = "Project.Service", "Project.Service\Project.Service.csproj", "{30680BB1-4FB6-4A21-B5A2-88EBFDE4FD17}"
EndProject
Global
	GlobalSection(SolutionConfigurationPlatforms) = preSolution
		Debug|Any CPU = Debug|Any CPU
		Release|Any CPU = Release|Any CPU
	EndGlobalSection
	GlobalSection(ProjectConfigurationPlatforms) = postSolution
		{8E6A9CFC-67C2-4F8A-B932-03F5A887A495}.Debug|Any CPU.ActiveCfg = Debug|Any CPU
		{8E6A9CFC-67C2-4F8A-B932-03F5A887A495}.Debug|Any CPU.Build.0 = Debug|Any CPU
		{8E6A9CFC-67C2-4F8A-B932-03F5A887A495}.Release|Any CPU.ActiveCfg = Release|Any CPU
		{8E6A9CFC-67C2-4F8A-B932-03F5A887A495}.Release|Any CPU.Build.0 = Release|Any CPU
		{30680BB1-4FB6-4A21-B5A2-88EBFDE4FD17}.Debug|Any CPU.ActiveCfg = Debug|Any CPU
		{30680BB1-4FB6-4A21-B5A2-88EBFDE4FD17}.Debug|Any CPU.Build.0 = Debug|Any CPU
		{30680BB1-4FB6-4A21-B5A2-88EBFDE4FD17}.Release|Any CPU.ActiveCfg = Release|Any CPU
		{30680BB1-4FB6-4A21-B5A2-88EBFDE4FD17}.Release|Any CPU.Build.0 = Release|Any CPU
	EndGlobalSection
	GlobalSection(SolutionProperties) = preSolution
		HideSolutionNode = FALSE
	EndGlobalSection
EndGlobal
